{
  "nodes": {
    "ags": {
      "inputs": {
        "nixpkgs": "nixpkgs"
      },
      "locked": {
        "lastModified": 1708255787,
        "narHash": "sha256-q+3JXpqMlreEQanJXvvlnIb3mpAL3ZUILsemEMqDAWk=",
        "owner": "Aylur",
        "repo": "ags",
        "rev": "abfef5dd9720f690ee0c077ced417d4cc3768d4f",
        "type": "github"
      },
      "original": {
        "owner": "Aylur",
        "repo": "ags",
        "type": "github"
      }
    },
    "firefox-gnome-theme": {
      "flake": false,
      "locked": {
        "lastModified": 1707094435,
        "narHash": "sha256-QZk/qZQVt1X53peCqB2qmWhpA3xtAVgY95pebSKaTFU=",
        "type": "tarball",
        "url": "https://github.com/rafaelmardojai/firefox-gnome-theme/archive/master.tar.gz"
      },
      "original": {
        "type": "tarball",
        "url": "https://github.com/rafaelmardojai/firefox-gnome-theme/archive/master.tar.gz"
      }
    },
    "home-manager": {
      "inputs": {
        "nixpkgs": [
          "nixpkgs"
        ]
      },
      "locked": {
        "lastModified": 1706981411,
        "narHash": "sha256-cLbLPTL1CDmETVh4p0nQtvoF+FSEjsnJTFpTxhXywhQ=",
        "owner": "nix-community",
        "repo": "home-manager",
        "rev": "652fda4ca6dafeb090943422c34ae9145787af37",
        "type": "github"
      },
      "original": {
        "owner": "nix-community",
        "ref": "release-23.11",
        "repo": "home-manager",
        "type": "github"
      }
    },
    "lf-icons": {
      "flake": false,
      "locked": {
        "narHash": "sha256-huCezig50vS1924wqipNDmG9B99sr0h79dXZ7CH/yi8=",
        "type": "file",
        "url": "https://raw.githubusercontent.com/gokcehan/lf/master/etc/icons.example"
      },
      "original": {
        "type": "file",
        "url": "https://raw.githubusercontent.com/gokcehan/lf/master/etc/icons.example"
      }
    },
    "more-waita": {
      "flake": false,
      "locked": {
        "lastModified": 1706758996,
        "narHash": "sha256-+xvRSsGc7ERFxiTj1HT7G29OCQkR0nUZ6+WN03D3AEQ=",
        "type": "tarball",
        "url": "https://github.com/somepaulo/MoreWaita/archive/refs/heads/main.zip"
      },
      "original": {
        "type": "tarball",
        "url": "https://github.com/somepaulo/MoreWaita/archive/refs/heads/main.zip"
      }
    },
    "nixpkgs": {
      "locked": {
        "lastModified": 1705496572,
        "narHash": "sha256-rPIe9G5EBLXdBdn9ilGc0nq082lzQd0xGGe092R/5QE=",
        "owner": "NixOS",
        "repo": "nixpkgs",
        "rev": "842d9d80cfd4560648c785f8a4e6f3b096790e19",
        "type": "github"
      },
      "original": {
        "owner": "NixOS",
        "ref": "nixos-unstable",
        "repo": "nixpkgs",
        "type": "github"
      }
    },
    "nixpkgs-unstable": {
      "locked": {
        "lastModified": 1708118438,
        "narHash": "sha256-kk9/0nuVgA220FcqH/D2xaN6uGyHp/zoxPNUmPCMmEE=",
        "owner": "nixos",
        "repo": "nixpkgs",
        "rev": "5863c27340ba4de8f83e7e3c023b9599c3cb3c80",
        "type": "github"
      },
      "original": {
        "owner": "nixos",
        "ref": "nixos-unstable",
        "repo": "nixpkgs",
        "type": "github"
      }
    },
    "nixpkgs_2": {
      "locked": {
        "lastModified": 1708161998,
        "narHash": "sha256-6KnemmUorCvlcAvGziFosAVkrlWZGIc6UNT9GUYr0jQ=",
        "owner": "nixos",
        "repo": "nixpkgs",
        "rev": "84d981bae8b5e783b3b548de505b22880559515f",
        "type": "github"
      },
      "original": {
        "owner": "nixos",
        "ref": "nixos-23.11",
        "repo": "nixpkgs",
        "type": "github"
      }
    },
    "root": {
      "inputs": {
        "ags": "ags",
        "firefox-gnome-theme": "firefox-gnome-theme",
        "home-manager": "home-manager",
        "lf-icons": "lf-icons",
        "more-waita": "more-waita",
        "nixpkgs": "nixpkgs_2",
        "nixpkgs-unstable": "nixpkgs-unstable"
      }
    }
  },
  "root": "root",
  "version": 7
}
